
Microsoft Visual Studio Solution File, Format Version 12.00
# Visual Studio 2012
Project("{FAE04EC0-301F-11D3-BF4B-00C04F79EFBC}") = "Piotr.AspNetFileServer", "Piotr.AspNetFileServer\Piotr.AspNetFileServer.csproj", "{9FDA25F7-7B44-4540-9674-C6CD19474D31}"
EndProject
Project("{FAE04EC0-301F-11D3-BF4B-00C04F79EFBC}") = "FileMediaServer", "FileMediaServer\FileMediaServer.csproj", "{F3F4BD88-F70E-4D42-A892-6426509E56DE}"
EndProject
Project("{FAE04EC0-301F-11D3-BF4B-00C04F79EFBC}") = "FileMediaServer.Client", "FileMediaServer.Client\FileMediaServer.Client.csproj", "{363DE5D5-9550-4788-BACA-EBBD75F6CC78}"
EndProject
Project("{FAE04EC0-301F-11D3-BF4B-00C04F79EFBC}") = "BinaryRage", "BinaryRage-master\BinaryRage.csproj", "{191D893F-7087-4E59-9AEE-5FEF4172E3FC}"
EndProject
Global
	GlobalSection(SolutionConfigurationPlatforms) = preSolution
		Debug|Any CPU = Debug|Any CPU
		Release|Any CPU = Release|Any CPU
	EndGlobalSection
	GlobalSection(ProjectConfigurationPlatforms) = postSolution
		{9FDA25F7-7B44-4540-9674-C6CD19474D31}.Debug|Any CPU.ActiveCfg = Debug|Any CPU
		{9FDA25F7-7B44-4540-9674-C6CD19474D31}.Debug|Any CPU.Build.0 = Debug|Any CPU
		{9FDA25F7-7B44-4540-9674-C6CD19474D31}.Release|Any CPU.ActiveCfg = Release|Any CPU
		{9FDA25F7-7B44-4540-9674-C6CD19474D31}.Release|Any CPU.Build.0 = Release|Any CPU
		{F3F4BD88-F70E-4D42-A892-6426509E56DE}.Debug|Any CPU.ActiveCfg = Debug|Any CPU
		{F3F4BD88-F70E-4D42-A892-6426509E56DE}.Debug|Any CPU.Build.0 = Debug|Any CPU
		{F3F4BD88-F70E-4D42-A892-6426509E56DE}.Release|Any CPU.ActiveCfg = Release|Any CPU
		{F3F4BD88-F70E-4D42-A892-6426509E56DE}.Release|Any CPU.Build.0 = Release|Any CPU
		{363DE5D5-9550-4788-BACA-EBBD75F6CC78}.Debug|Any CPU.ActiveCfg = Debug|Any CPU
		{363DE5D5-9550-4788-BACA-EBBD75F6CC78}.Debug|Any CPU.Build.0 = Debug|Any CPU
		{363DE5D5-9550-4788-BACA-EBBD75F6CC78}.Release|Any CPU.ActiveCfg = Release|Any CPU
		{363DE5D5-9550-4788-BACA-EBBD75F6CC78}.Release|Any CPU.Build.0 = Release|Any CPU
		{191D893F-7087-4E59-9AEE-5FEF4172E3FC}.Debug|Any CPU.ActiveCfg = Debug|Any CPU
		{191D893F-7087-4E59-9AEE-5FEF4172E3FC}.Debug|Any CPU.Build.0 = Debug|Any CPU
		{191D893F-7087-4E59-9AEE-5FEF4172E3FC}.Release|Any CPU.ActiveCfg = Release|Any CPU
		{191D893F-7087-4E59-9AEE-5FEF4172E3FC}.Release|Any CPU.Build.0 = Release|Any CPU
	EndGlobalSection
	GlobalSection(SolutionProperties) = preSolution
		HideSolutionNode = FALSE
	EndGlobalSection
EndGlobal
